
Microsoft Visual Studio Solution File, Format Version 12.00
# Visual Studio Version 16
VisualStudioVersion = 16.0.32802.440
MinimumVisualStudioVersion = 10.0.40219.1
Project("{FAE04EC0-301F-11D3-BF4B-00C04F79EFBC}") = "Math 3", "Math 3\Math 3.csproj", "{3CCB6A61-EF31-41C0-958D-7E3D021DF758}"
EndProject
Global
	GlobalSection(SolutionConfigurationPlatforms) = preSolution
		Debug|Any CPU = Debug|Any CPU
		Release|Any CPU = Release|Any CPU
	EndGlobalSection
	GlobalSection(ProjectConfigurationPlatforms) = postSolution
		{3CCB6A61-EF31-41C0-958D-7E3D021DF758}.Debug|Any CPU.ActiveCfg = Debug|Any CPU
		{3CCB6A61-EF31-41C0-958D-7E3D021DF758}.Debug|Any CPU.Build.0 = Debug|Any CPU
		{3CCB6A61-EF31-41C0-958D-7E3D021DF758}.Release|Any CPU.ActiveCfg = Release|Any CPU
		{3CCB6A61-EF31-41C0-958D-7E3D021DF758}.Release|Any CPU.Build.0 = Release|Any CPU
	EndGlobalSection
	GlobalSection(SolutionProperties) = preSolution
		HideSolutionNode = FALSE
	EndGlobalSection
	GlobalSection(ExtensibilityGlobals) = postSolution
		SolutionGuid = {C4A39D1D-7439-4E02-8083-A23DD5E252CB}
	EndGlobalSection
EndGlobal
