
Microsoft Visual Studio Solution File, Format Version 12.00
# Visual Studio Version 16
VisualStudioVersion = 16.0.32802.440
MinimumVisualStudioVersion = 10.0.40219.1
Project("{FAE04EC0-301F-11D3-BF4B-00C04F79EFBC}") = "EKOB,EBOB,LIMIT(TOREME)", "EKOB,EBOB,LIMIT(TOREME)\EKOB,EBOB,LIMIT(TOREME).csproj", "{288D81A0-E561-4B00-9986-ACF0830B817A}"
EndProject
Global
	GlobalSection(SolutionConfigurationPlatforms) = preSolution
		Debug|Any CPU = Debug|Any CPU
		Release|Any CPU = Release|Any CPU
	EndGlobalSection
	GlobalSection(ProjectConfigurationPlatforms) = postSolution
		{288D81A0-E561-4B00-9986-ACF0830B817A}.Debug|Any CPU.ActiveCfg = Debug|Any CPU
		{288D81A0-E561-4B00-9986-ACF0830B817A}.Debug|Any CPU.Build.0 = Debug|Any CPU
		{288D81A0-E561-4B00-9986-ACF0830B817A}.Release|Any CPU.ActiveCfg = Release|Any CPU
		{288D81A0-E561-4B00-9986-ACF0830B817A}.Release|Any CPU.Build.0 = Release|Any CPU
	EndGlobalSection
	GlobalSection(SolutionProperties) = preSolution
		HideSolutionNode = FALSE
	EndGlobalSection
	GlobalSection(ExtensibilityGlobals) = postSolution
		SolutionGuid = {C450CAE8-FCA1-44F8-A587-F95536392B88}
	EndGlobalSection
EndGlobal
