
Microsoft Visual Studio Solution File, Format Version 12.00
# Visual Studio Version 16
VisualStudioVersion = 16.0.32802.440
MinimumVisualStudioVersion = 10.0.40219.1
Project("{FAE04EC0-301F-11D3-BF4B-00C04F79EFBC}") = "MagicSquare", "MagicSquare\MagicSquare.csproj", "{D81D5F9A-D205-421E-928F-7E7010A8F8C0}"
EndProject
Global
	GlobalSection(SolutionConfigurationPlatforms) = preSolution
		Debug|Any CPU = Debug|Any CPU
		Release|Any CPU = Release|Any CPU
	EndGlobalSection
	GlobalSection(ProjectConfigurationPlatforms) = postSolution
		{D81D5F9A-D205-421E-928F-7E7010A8F8C0}.Debug|Any CPU.ActiveCfg = Debug|Any CPU
		{D81D5F9A-D205-421E-928F-7E7010A8F8C0}.Debug|Any CPU.Build.0 = Debug|Any CPU
		{D81D5F9A-D205-421E-928F-7E7010A8F8C0}.Release|Any CPU.ActiveCfg = Release|Any CPU
		{D81D5F9A-D205-421E-928F-7E7010A8F8C0}.Release|Any CPU.Build.0 = Release|Any CPU
	EndGlobalSection
	GlobalSection(SolutionProperties) = preSolution
		HideSolutionNode = FALSE
	EndGlobalSection
	GlobalSection(ExtensibilityGlobals) = postSolution
		SolutionGuid = {5F179FE5-6006-4F8C-8FC0-0672C03D80AD}
	EndGlobalSection
EndGlobal
